
Microsoft Visual Studio Solution File, Format Version 12.00
# Visual Studio Version 17
VisualStudioVersion = 17.1.32228.430
MinimumVisualStudioVersion = 10.0.40219.1
Project("{FAE04EC0-301F-11D3-BF4B-00C04F79EFBC}") = "ConsoleApp1", "ConsoleApp1.csproj", "{B2885732-9A97-4D04-B078-D01B88C59B7E}"
EndProject
Project("{FAE04EC0-301F-11D3-BF4B-00C04F79EFBC}") = "TestProject1", "..\TestProject1\TestProject1.csproj", "{3E741594-A11C-4153-B648-61CB844061A3}"
EndProject
Global
	GlobalSection(SolutionConfigurationPlatforms) = preSolution
		Debug|Any CPU = Debug|Any CPU
		Release|Any CPU = Release|Any CPU
	EndGlobalSection
	GlobalSection(ProjectConfigurationPlatforms) = postSolution
		{B2885732-9A97-4D04-B078-D01B88C59B7E}.Debug|Any CPU.ActiveCfg = Debug|Any CPU
		{B2885732-9A97-4D04-B078-D01B88C59B7E}.Debug|Any CPU.Build.0 = Debug|Any CPU
		{B2885732-9A97-4D04-B078-D01B88C59B7E}.Release|Any CPU.ActiveCfg = Release|Any CPU
		{B2885732-9A97-4D04-B078-D01B88C59B7E}.Release|Any CPU.Build.0 = Release|Any CPU
		{3E741594-A11C-4153-B648-61CB844061A3}.Debug|Any CPU.ActiveCfg = Debug|Any CPU
		{3E741594-A11C-4153-B648-61CB844061A3}.Debug|Any CPU.Build.0 = Debug|Any CPU
		{3E741594-A11C-4153-B648-61CB844061A3}.Release|Any CPU.ActiveCfg = Release|Any CPU
		{3E741594-A11C-4153-B648-61CB844061A3}.Release|Any CPU.Build.0 = Release|Any CPU
	EndGlobalSection
	GlobalSection(SolutionProperties) = preSolution
		HideSolutionNode = FALSE
	EndGlobalSection
	GlobalSection(ExtensibilityGlobals) = postSolution
		SolutionGuid = {04DDEC5E-1505-47C4-A4C8-0400FF873C53}
	EndGlobalSection
EndGlobal
